
Microsoft Visual Studio Solution File, Format Version 11.00
# Visual Studio 2010
Project("{FAE04EC0-301F-11D3-BF4B-00C04F79EFBC}") = "Raymer", "Assembly-CSharp.csproj", "{9280CC32-69E0-09CD-0F6B-03C18639C21E}"
EndProject
Project("{FAE04EC0-301F-11D3-BF4B-00C04F79EFBC}") = "Raymer", "Assembly-CSharp-firstpass.csproj", "{4A450708-2AA8-00E5-61A4-3B97E3227354}"
EndProject
Project("{FAE04EC0-301F-11D3-BF4B-00C04F79EFBC}") = "Raymer", "Assembly-CSharp-Editor.csproj", "{15303EED-4305-76F7-F56A-A2C87893EF09}"
EndProject
Project("{FAE04EC0-301F-11D3-BF4B-00C04F79EFBC}") = "Raymer", "Assembly-CSharp-Editor-firstpass.csproj", "{7C9FB4F3-3A67-6B80-6BC9-EC5782B92A60}"
EndProject
Global
	GlobalSection(SolutionConfigurationPlatforms) = preSolution
		Debug|Any CPU = Debug|Any CPU
		Release|Any CPU = Release|Any CPU
	EndGlobalSection
	GlobalSection(ProjectConfigurationPlatforms) = postSolution
		{9280CC32-69E0-09CD-0F6B-03C18639C21E}.Debug|Any CPU.ActiveCfg = Debug|Any CPU
		{9280CC32-69E0-09CD-0F6B-03C18639C21E}.Debug|Any CPU.Build.0 = Debug|Any CPU
		{9280CC32-69E0-09CD-0F6B-03C18639C21E}.Release|Any CPU.ActiveCfg = Release|Any CPU
		{9280CC32-69E0-09CD-0F6B-03C18639C21E}.Release|Any CPU.Build.0 = Release|Any CPU
		{4A450708-2AA8-00E5-61A4-3B97E3227354}.Debug|Any CPU.ActiveCfg = Debug|Any CPU
		{4A450708-2AA8-00E5-61A4-3B97E3227354}.Debug|Any CPU.Build.0 = Debug|Any CPU
		{4A450708-2AA8-00E5-61A4-3B97E3227354}.Release|Any CPU.ActiveCfg = Release|Any CPU
		{4A450708-2AA8-00E5-61A4-3B97E3227354}.Release|Any CPU.Build.0 = Release|Any CPU
		{15303EED-4305-76F7-F56A-A2C87893EF09}.Debug|Any CPU.ActiveCfg = Debug|Any CPU
		{15303EED-4305-76F7-F56A-A2C87893EF09}.Debug|Any CPU.Build.0 = Debug|Any CPU
		{15303EED-4305-76F7-F56A-A2C87893EF09}.Release|Any CPU.ActiveCfg = Release|Any CPU
		{15303EED-4305-76F7-F56A-A2C87893EF09}.Release|Any CPU.Build.0 = Release|Any CPU
		{7C9FB4F3-3A67-6B80-6BC9-EC5782B92A60}.Debug|Any CPU.ActiveCfg = Debug|Any CPU
		{7C9FB4F3-3A67-6B80-6BC9-EC5782B92A60}.Debug|Any CPU.Build.0 = Debug|Any CPU
		{7C9FB4F3-3A67-6B80-6BC9-EC5782B92A60}.Release|Any CPU.ActiveCfg = Release|Any CPU
		{7C9FB4F3-3A67-6B80-6BC9-EC5782B92A60}.Release|Any CPU.Build.0 = Release|Any CPU
	EndGlobalSection
	GlobalSection(SolutionProperties) = preSolution
		HideSolutionNode = FALSE
	EndGlobalSection
	GlobalSection(MonoDevelopProperties) = preSolution
		StartupItem = Assembly-CSharp.csproj
	EndGlobalSection
EndGlobal
