
Microsoft Visual Studio Solution File, Format Version 12.00
# Visual Studio 2017
Project("{FAE04EC0-301F-11D3-BF4B-00C04F79EFBC}") = "Raymer-master.Plugins", "Raymer-master.Plugins.csproj", "{B84C0450-DD10-03F5-A894-CE1D33FBD12B}"
EndProject
Project("{FAE04EC0-301F-11D3-BF4B-00C04F79EFBC}") = "Raymer-master", "Raymer-master.csproj", "{3A565747-9A64-DF35-DB05-D7E4880EA0E2}"
EndProject
Project("{FAE04EC0-301F-11D3-BF4B-00C04F79EFBC}") = "Raymer-master.Editor.Plugins", "Raymer-master.Editor.Plugins.csproj", "{92B66B34-8CFF-FFBA-D0C2-95034F675EA5}"
EndProject
Project("{FAE04EC0-301F-11D3-BF4B-00C04F79EFBC}") = "Raymer-master.Editor", "Raymer-master.Editor.csproj", "{55A6A07F-3825-53A2-005A-154CC6190AA9}"
EndProject
Global
	GlobalSection(SolutionConfigurationPlatforms) = preSolution
		Debug|Any CPU = Debug|Any CPU
		Release|Any CPU = Release|Any CPU
	EndGlobalSection
	GlobalSection(ProjectConfigurationPlatforms) = postSolution
		{B84C0450-DD10-03F5-A894-CE1D33FBD12B}.Debug|Any CPU.ActiveCfg = Debug|Any CPU
		{B84C0450-DD10-03F5-A894-CE1D33FBD12B}.Debug|Any CPU.Build.0 = Debug|Any CPU
		{B84C0450-DD10-03F5-A894-CE1D33FBD12B}.Release|Any CPU.ActiveCfg = Release|Any CPU
		{B84C0450-DD10-03F5-A894-CE1D33FBD12B}.Release|Any CPU.Build.0 = Release|Any CPU
		{3A565747-9A64-DF35-DB05-D7E4880EA0E2}.Debug|Any CPU.ActiveCfg = Debug|Any CPU
		{3A565747-9A64-DF35-DB05-D7E4880EA0E2}.Debug|Any CPU.Build.0 = Debug|Any CPU
		{3A565747-9A64-DF35-DB05-D7E4880EA0E2}.Release|Any CPU.ActiveCfg = Release|Any CPU
		{3A565747-9A64-DF35-DB05-D7E4880EA0E2}.Release|Any CPU.Build.0 = Release|Any CPU
		{92B66B34-8CFF-FFBA-D0C2-95034F675EA5}.Debug|Any CPU.ActiveCfg = Debug|Any CPU
		{92B66B34-8CFF-FFBA-D0C2-95034F675EA5}.Debug|Any CPU.Build.0 = Debug|Any CPU
		{92B66B34-8CFF-FFBA-D0C2-95034F675EA5}.Release|Any CPU.ActiveCfg = Release|Any CPU
		{92B66B34-8CFF-FFBA-D0C2-95034F675EA5}.Release|Any CPU.Build.0 = Release|Any CPU
		{55A6A07F-3825-53A2-005A-154CC6190AA9}.Debug|Any CPU.ActiveCfg = Debug|Any CPU
		{55A6A07F-3825-53A2-005A-154CC6190AA9}.Debug|Any CPU.Build.0 = Debug|Any CPU
		{55A6A07F-3825-53A2-005A-154CC6190AA9}.Release|Any CPU.ActiveCfg = Release|Any CPU
		{55A6A07F-3825-53A2-005A-154CC6190AA9}.Release|Any CPU.Build.0 = Release|Any CPU
	EndGlobalSection
	GlobalSection(SolutionProperties) = preSolution
		HideSolutionNode = FALSE
	EndGlobalSection
EndGlobal
